
Microsoft Visual Studio Solution File, Format Version 12.00
# Visual Studio Version 17
VisualStudioVersion = 17.4.33205.214
MinimumVisualStudioVersion = 10.0.40219.1
Project("{FAE04EC0-301F-11D3-BF4B-00C04F79EFBC}") = "EshopUkol8-10", "EshopUkol8-10\EshopUkol8-10.csproj", "{EABB3556-6ACC-46D6-B5C5-AE0859AF9BB5}"
EndProject
Global
	GlobalSection(SolutionConfigurationPlatforms) = preSolution
		Debug|Any CPU = Debug|Any CPU
		Release|Any CPU = Release|Any CPU
	EndGlobalSection
	GlobalSection(ProjectConfigurationPlatforms) = postSolution
		{EABB3556-6ACC-46D6-B5C5-AE0859AF9BB5}.Debug|Any CPU.ActiveCfg = Debug|Any CPU
		{EABB3556-6ACC-46D6-B5C5-AE0859AF9BB5}.Debug|Any CPU.Build.0 = Debug|Any CPU
		{EABB3556-6ACC-46D6-B5C5-AE0859AF9BB5}.Release|Any CPU.ActiveCfg = Release|Any CPU
		{EABB3556-6ACC-46D6-B5C5-AE0859AF9BB5}.Release|Any CPU.Build.0 = Release|Any CPU
	EndGlobalSection
	GlobalSection(SolutionProperties) = preSolution
		HideSolutionNode = FALSE
	EndGlobalSection
	GlobalSection(ExtensibilityGlobals) = postSolution
		SolutionGuid = {A0F44A5A-776D-4018-B693-FC52CF604E4F}
	EndGlobalSection
EndGlobal
